
Microsoft Visual Studio Solution File, Format Version 12.00
# Visual Studio Version 17
VisualStudioVersion = 17.0.31912.275
MinimumVisualStudioVersion = 10.0.40219.1
Project("{FAE04EC0-301F-11D3-BF4B-00C04F79EFBC}") = "MoviesApi", "MoviesApi\MoviesApi.csproj", "{F52F9511-36A1-4D53-93FA-02CA075B879C}"
EndProject
Global
	GlobalSection(SolutionConfigurationPlatforms) = preSolution
		Debug|Any CPU = Debug|Any CPU
		Release|Any CPU = Release|Any CPU
	EndGlobalSection
	GlobalSection(ProjectConfigurationPlatforms) = postSolution
		{F52F9511-36A1-4D53-93FA-02CA075B879C}.Debug|Any CPU.ActiveCfg = Debug|Any CPU
		{F52F9511-36A1-4D53-93FA-02CA075B879C}.Debug|Any CPU.Build.0 = Debug|Any CPU
		{F52F9511-36A1-4D53-93FA-02CA075B879C}.Release|Any CPU.ActiveCfg = Release|Any CPU
		{F52F9511-36A1-4D53-93FA-02CA075B879C}.Release|Any CPU.Build.0 = Release|Any CPU
	EndGlobalSection
	GlobalSection(SolutionProperties) = preSolution
		HideSolutionNode = FALSE
	EndGlobalSection
	GlobalSection(ExtensibilityGlobals) = postSolution
		SolutionGuid = {66836753-6F28-423E-AE2E-F23229CA9899}
	EndGlobalSection
EndGlobal
